// !$*UTF8*$!
{
	archiveVersion = 1;
	classes = {
	};
	objectVersion = 77;
	objects = {

/* Begin PBXContainerItemProxy section */
		159E8A1F2FAFC3CF0003EBF0 /* PBXContainerItemProxy */ = {
			isa = PBXContainerItemProxy;
			containerPortal = 159E8A072FAFC3CA0003EBF0 /* Project object */;
			proxyType = 1;
			remoteGlobalIDString = 159E8A0E2FAFC3CA0003EBF0;
			remoteInfo = MyFeelsLike;
		};
		159E8A292FAFC3CF0003EBF0 /* PBXContainerItemProxy */ = {
			isa = PBXContainerItemProxy;
			containerPortal = 159E8A072FAFC3CA0003EBF0 /* Project object */;
			proxyType = 1;
			remoteGlobalIDString = 159E8A0E2FAFC3CA0003EBF0;
			remoteInfo = MyFeelsLike;
		};
/* End PBXContainerItemProxy section */

/* Begin PBXFileReference section */
		159E8A0F2FAFC3CA0003EBF0 /* MyFeelsLike.app */ = {isa = PBXFileReference; explicitFileType = wrapper.application; includeInIndex = 0; path = MyFeelsLike.app; sourceTree = BUILT_PRODUCTS_DIR; };
		159E8A1E2FAFC3CF0003EBF0 /* MyFeelsLikeTests.xctest */ = {isa = PBXFileReference; explicitFileType = wrapper.cfbundle; includeInIndex = 0; path = MyFeelsLikeTests.xctest; sourceTree = BUILT_PRODUCTS_DIR; };
		159E8A282FAFC3CF0003EBF0 /* MyFeelsLikeUITests.xctest */ = {isa = PBXFileReference; explicitFileType = wrapper.cfbundle; includeInIndex = 0; path = MyFeelsLikeUITests.xctest; sourceTree = BUILT_PRODUCTS_DIR; };
/* End PBXFileReference section */

/* Begin PBXFileSystemSynchronizedRootGroup section */
		159E8A112FAFC3CA0003EBF0 /* MyFeelsLike */ = {
			isa = PBXFileSystemSynchronizedRootGroup;
			path = MyFeelsLike;
			sourceTree = "<group>";
		};
		159E8A212FAFC3CF0003EBF0 /* MyFeelsLikeTests */ = {
			isa = PBXFileSystemSynchronizedRootGroup;
			path = MyFeelsLikeTests;
			sourceTree = "<group>";
		};
		159E8A2B2FAFC3CF0003EBF0 /* MyFeelsLikeUITests */ = {
			isa = PBXFileSystemSynchronizedRootGroup;
			path = MyFeelsLikeUITests;
			sourceTree = "<group>";
		};
/* End PBXFileSystemSynchronizedRootGroup section */

/* Begin PBXFrameworksBuildPhase section */
		159E8A0C2FAFC3CA0003EBF0 /* Frameworks */ = {
			isa = PBXFrameworksBuildPhase;
			buildActionMask = 2147483647;
			files = (
			);
			runOnlyForDeploymentPostprocessing = 0;
		};
		159E8A1B2FAFC3CF0003EBF0 /* Frameworks */ = {
			isa = PBXFrameworksBuildPhase;
			buildActionMask = 2147483647;
			files = (
			);
			runOnlyForDeploymentPostprocessing = 0;
		};
		159E8A252FAFC3CF0003EBF0 /* Frameworks */ = {
			isa = PBXFrameworksBuildPhase;
			buildActionMask = 2147483647;
			files = (
			);
			runOnlyForDeploymentPostprocessing = 0;
		};
/* End PBXFrameworksBuildPhase section */

/* Begin PBXGroup section */
		159E8A062FAFC3CA0003EBF0 = {
			isa = PBXGroup;
			children = (
				159E8A112FAFC3CA0003EBF0 /* MyFeelsLike */,
				159E8A212FAFC3CF0003EBF0 /* MyFeelsLikeTests */,
				159E8A2B2FAFC3CF0003EBF0 /* MyFeelsLikeUITests */,
				159E8A102FAFC3CA0003EBF0 /* Products */,
			);
			sourceTree = "<group>";
		};
		159E8A102FAFC3CA0003EBF0 /* Products */ = {
			isa = PBXGroup;
			children = (
				159E8A0F2FAFC3CA0003EBF0 /* MyFeelsLike.app */,
				159E8A1E2FAFC3CF0003EBF0 /* MyFeelsLikeTests.xctest */,
				159E8A282FAFC3CF0003EBF0 /* MyFeelsLikeUITests.xctest */,
			);
			name = Products;
			sourceTree = "<group>";
		};
/* End PBXGroup section */

/* Begin PBXNativeTarget section */
		159E8A0E2FAFC3CA0003EBF0 /* MyFeelsLike */ = {
			isa = PBXNativeTarget;
			buildConfigurationList = 159E8A322FAFC3CF0003EBF0 /* Build configuration list for PBXNativeTarget "MyFeelsLike" */;
			buildPhases = (
				159E8A0B2FAFC3CA0003EBF0 /* Sources */,
				159E8A0C2FAFC3CA0003EBF0 /* Frameworks */,
				159E8A0D2FAFC3CA0003EBF0 /* Resources */,
			);
			buildRules = (
			);
			dependencies = (
			);
			fileSystemSynchronizedGroups = (
				159E8A112FAFC3CA0003EBF0 /* MyFeelsLike */,
			);
			name = MyFeelsLike;
			packageProductDependencies = (
			);
			productName = MyFeelsLike;
			productReference = 159E8A0F2FAFC3CA0003EBF0 /* MyFeelsLike.app */;
			productType = "com.apple.product-type.application";
		};
		159E8A1D2FAFC3CF0003EBF0 /* MyFeelsLikeTests */ = {
			isa = PBXNativeTarget;
			buildConfigurationList = 159E8A352FAFC3CF0003EBF0 /* Build configuration list for PBXNativeTarget "MyFeelsLikeTests" */;
			buildPhases = (
				159E8A1A2FAFC3CF0003EBF0 /* Sources */,
				159E8A1B2FAFC3CF0003EBF0 /* Frameworks */,
				159E8A1C2FAFC3CF0003EBF0 /* Resources */,
			);
			buildRules = (
			);
			dependencies = (
				159E8A202FAFC3CF0003EBF0 /* PBXTargetDependency */,
			);
			fileSystemSynchronizedGroups = (
				159E8A212FAFC3CF0003EBF0 /* MyFeelsLikeTests */,
			);
			name = MyFeelsLikeTests;
			packageProductDependencies = (
			);
			productName = MyFeelsLikeTests;
			productReference = 159E8A1E2FAFC3CF0003EBF0 /* MyFeelsLikeTests.xctest */;
			productType = "com.apple.product-type.bundle.unit-test";
		};
		159E8A272FAFC3CF0003EBF0 /* MyFeelsLikeUITests */ = {
			isa = PBXNativeTarget;
			buildConfigurationList = 159E8A382FAFC3CF0003EBF0 /* Build configuration list for PBXNativeTarget "MyFeelsLikeUITests" */;
			buildPhases = (
				159E8A242FAFC3CF0003EBF0 /* Sources */,
				159E8A252FAFC3CF0003EBF0 /* Frameworks */,
				159E8A262FAFC3CF0003EBF0 /* Resources */,
			);
			buildRules = (
			);
			dependencies = (
				159E8A2A2FAFC3CF0003EBF0 /* PBXTargetDependency */,
			);
			fileSystemSynchronizedGroups = (
				159E8A2B2FAFC3CF0003EBF0 /* MyFeelsLikeUITests */,
			);
			name = MyFeelsLikeUITests;
			packageProductDependencies = (
			);
			productName = MyFeelsLikeUITests;
			productReference = 159E8A282FAFC3CF0003EBF0 /* MyFeelsLikeUITests.xctest */;
			productType = "com.apple.product-type.bundle.ui-testing";
		};
/* End PBXNativeTarget section */

/* Begin PBXProject section */
		159E8A072FAFC3CA0003EBF0 /* Project object */ = {
			isa = PBXProject;
			attributes = {
				BuildIndependentTargetsInParallel = 1;
				LastSwiftUpdateCheck = 2640;
				LastUpgradeCheck = 2640;
				TargetAttributes = {
					159E8A0E2FAFC3CA0003EBF0 = {
						CreatedOnToolsVersion = 26.4.1;
					};
					159E8A1D2FAFC3CF0003EBF0 = {
						CreatedOnToolsVersion = 26.4.1;
						TestTargetID = 159E8A0E2FAFC3CA0003EBF0;
					};
					159E8A272FAFC3CF0003EBF0 = {
						CreatedOnToolsVersion = 26.4.1;
						TestTargetID = 159E8A0E2FAFC3CA0003EBF0;
					};
				};
			};
			buildConfigurationList = 159E8A0A2FAFC3CA0003EBF0 /* Build configuration list for PBXProject "MyFeelsLike" */;
			developmentRegion = en;
			hasScannedForEncodings = 0;
			knownRegions = (
				en,
				Base,
			);
			mainGroup = 159E8A062FAFC3CA0003EBF0;
			minimizedProjectReferenceProxies = 1;
			preferredProjectObjectVersion = 77;
			productRefGroup = 159E8A102FAFC3CA0003EBF0 /* Products */;
			projectDirPath = "";
			projectRoot = "";
			targets = (
				159E8A0E2FAFC3CA0003EBF0 /* MyFeelsLike */,
				159E8A1D2FAFC3CF0003EBF0 /* MyFeelsLikeTests */,
				159E8A272FAFC3CF0003EBF0 /* MyFeelsLikeUITests */,
			);
		};
/* End PBXProject section */

/* Begin PBXResourcesBuildPhase section */
		159E8A0D2FAFC3CA0003EBF0 /* Resources */ = {
			isa = PBXResourcesBuildPhase;
			buildActionMask = 2147483647;
			files = (
			);
			runOnlyForDeploymentPostprocessing = 0;
		};
		159E8A1C2FAFC3CF0003EBF0 /* Resources */ = {
			isa = PBXResourcesBuildPhase;
			buildActionMask = 2147483647;
			files = (
			);
			runOnlyForDeploymentPostprocessing = 0;
		};
		159E8A262FAFC3CF0003EBF0 /* Resources */ = {
			isa = PBXResourcesBuildPhase;
			buildActionMask = 2147483647;
			files = (
			);
			runOnlyForDeploymentPostprocessing = 0;
		};
/* End PBXResourcesBuildPhase section */

/* Begin PBXSourcesBuildPhase section */
		159E8A0B2FAFC3CA0003EBF0 /* Sources */ = {
			isa = PBXSourcesBuildPhase;
			buildActionMask = 2147483647;
			files = (
			);
			runOnlyForDeploymentPostprocessing = 0;
		};
		159E8A1A2FAFC3CF0003EBF0 /* Sources */ = {
			isa = PBXSourcesBuildPhase;
			buildActionMask = 2147483647;
			files = (
			);
			runOnlyForDeploymentPostprocessing = 0;
		};
		159E8A242FAFC3CF0003EBF0 /* Sources */ = {
			isa = PBXSourcesBuildPhase;
			buildActionMask = 2147483647;
			files = (
			);
			runOnlyForDeploymentPostprocessing = 0;
		};
/* End PBXSourcesBuildPhase section */

/* Begin PBXTargetDependency section */
		159E8A202FAFC3CF0003EBF0 /* PBXTargetDependency */ = {
			isa = PBXTargetDependency;
			target = 159E8A0E2FAFC3CA0003EBF0 /* MyFeelsLike */;
			targetProxy = 159E8A1F2FAFC3CF0003EBF0 /* PBXContainerItemProxy */;
		};
		159E8A2A2FAFC3CF0003EBF0 /* PBXTargetDependency */ = {
			isa = PBXTargetDependency;
			target = 159E8A0E2FAFC3CA0003EBF0 /* MyFeelsLike */;
			targetProxy = 159E8A292FAFC3CF0003EBF0 /* PBXContainerItemProxy */;
		};
/* End PBXTargetDependency section */

/* Begin XCBuildConfiguration section */
		159E8A302FAFC3CF0003EBF0 /* Debug */ = {
			isa = XCBuildConfiguration;
			buildSettings = {
				ALWAYS_SEARCH_USER_PATHS = NO;
				ASSETCATALOG_COMPILER_GENERATE_SWIFT_ASSET_SYMBOL_EXTENSIONS = YES;
				CLANG_ANALYZER_NONNULL = YES;
				CLANG_ANALYZER_NUMBER_OBJECT_CONVERSION = YES_AGGRESSIVE;
				CLANG_CXX_LANGUAGE_STANDARD = "gnu++20";
				CLANG_ENABLE_MODULES = YES;
				CLANG_ENABLE_OBJC_ARC = YES;
				CLANG_ENABLE_OBJC_WEAK = YES;
				CLANG_WARN_BLOCK_CAPTURE_AUTORELEASING = YES;
				CLANG_WARN_BOOL_CONVERSION = YES;
				CLANG_WARN_COMMA = YES;
				CLANG_WARN_CONSTANT_CONVERSION = YES;
				CLANG_WARN_DEPRECATED_OBJC_IMPLEMENTATIONS = YES;
				CLANG_WARN_DIRECT_OBJC_ISA_USAGE = YES_ERROR;
				CLANG_WARN_DOCUMENTATION_COMMENTS = YES;
				CLANG_WARN_EMPTY_BODY = YES;
				CLANG_WARN_ENUM_CONVERSION = YES;
				CLANG_WARN_INFINITE_RECURSION = YES;
				CLANG_WARN_INT_CONVERSION = YES;
				CLANG_WARN_NON_LITERAL_NULL_CONVERSION = YES;
				CLANG_WARN_OBJC_IMPLICIT_RETAIN_SELF = YES;
				CLANG_WARN_OBJC_LITERAL_CONVERSION = YES;
				CLANG_WARN_OBJC_ROOT_CLASS = YES_ERROR;
				CLANG_WARN_QUOTED_INCLUDE_IN_FRAMEWORK_HEADER = YES;
				CLANG_WARN_RANGE_LOOP_ANALYSIS = YES;
				CLANG_WARN_STRICT_PROTOTYPES = YES;
				CLANG_WARN_SUSPICIOUS_MOVE = YES;
				CLANG_WARN_UNGUARDED_AVAILABILITY = YES_AGGRESSIVE;
				CLANG_WARN_UNREACHABLE_CODE = YES;
				CLANG_WARN__DUPLICATE_METHOD_MATCH = YES;
				COPY_PHASE_STRIP = NO;
				DEBUG_INFORMATION_FORMAT = dwarf;
				DEVELOPMENT_TEAM = 96ND29QYH3;
				ENABLE_STRICT_OBJC_MSGSEND = YES;
				ENABLE_TESTABILITY = YES;
				ENABLE_USER_SCRIPT_SANDBOXING = YES;
				GCC_C_LANGUAGE_STANDARD = gnu17;
				GCC_DYNAMIC_NO_PIC = NO;
				GCC_NO_COMMON_BLOCKS = YES;
				GCC_OPTIMIZATION_LEVEL = 0;
				GCC_PREPROCESSOR_DEFINITIONS = (
					"DEBUG=1",
					"$(inherited)",
				);
				GCC_WARN_64_TO_32_BIT_CONVERSION = YES;
				GCC_WARN_ABOUT_RETURN_TYPE = YES_ERROR;
				GCC_WARN_UNDECLARED_SELECTOR = YES;
				GCC_WARN_UNINITIALIZED_AUTOS = YES_AGGRESSIVE;
				GCC_WARN_UNUSED_FUNCTION = YES;
				GCC_WARN_UNUSED_VARIABLE = YES;
				IPHONEOS_DEPLOYMENT_TARGET = 26.4;
				LOCALIZATION_PREFERS_STRING_CATALOGS = YES;
				MTL_ENABLE_DEBUG_INFO = INCLUDE_SOURCE;
				MTL_FAST_MATH = YES;
				ONLY_ACTIVE_ARCH = YES;
				SDKROOT = iphoneos;
				SWIFT_ACTIVE_COMPILATION_CONDITIONS = "DEBUG $(inherited)";
				SWIFT_OPTIMIZATION_LEVEL = "-Onone";
			};
			name = Debug;
		};
		159E8A312FAFC3CF0003EBF0 /* Release */ = {
			isa = XCBuildConfiguration;
			buildSettings = {
				ALWAYS_SEARCH_USER_PATHS = NO;
				ASSETCATALOG_COMPILER_GENERATE_SWIFT_ASSET_SYMBOL_EXTENSIONS = YES;
				CLANG_ANALYZER_NONNULL = YES;
				CLANG_ANALYZER_NUMBER_OBJECT_CONVERSION = YES_AGGRESSIVE;
				CLANG_CXX_LANGUAGE_STANDARD = "gnu++20";
				CLANG_ENABLE_MODULES = YES;
				CLANG_ENABLE_OBJC_ARC = YES;
				CLANG_ENABLE_OBJC_WEAK = YES;
				CLANG_WARN_BLOCK_CAPTURE_AUTORELEASING = YES;
				CLANG_WARN_BOOL_CONVERSION = YES;
				CLANG_WARN_COMMA = YES;
				CLANG_WARN_CONSTANT_CONVERSION = YES;
				CLANG_WARN_DEPRECATED_OBJC_IMPLEMENTATIONS = YES;
				CLANG_WARN_DIRECT_OBJC_ISA_USAGE = YES_ERROR;
				CLANG_WARN_DOCUMENTATION_COMMENTS = YES;
				CLANG_WARN_EMPTY_BODY = YES;
				CLANG_WARN_ENUM_CONVERSION = YES;
				CLANG_WARN_INFINITE_RECURSION = YES;
				CLANG_WARN_INT_CONVERSION = YES;
				CLANG_WARN_NON_LITERAL_NULL_CONVERSION = YES;
				CLANG_WARN_OBJC_IMPLICIT_RETAIN_SELF = YES;
				CLANG_WARN_OBJC_LITERAL_CONVERSION = YES;
				CLANG_WARN_OBJC_ROOT_CLASS = YES_ERROR;
				CLANG_WARN_QUOTED_INCLUDE_IN_FRAMEWORK_HEADER = YES;
				CLANG_WARN_RANGE_LOOP_ANALYSIS = YES;
				CLANG_WARN_STRICT_PROTOTYPES = YES;
				CLANG_WARN_SUSPICIOUS_MOVE = YES;
				CLANG_WARN_UNGUARDED_AVAILABILITY = YES_AGGRESSIVE;
				CLANG_WARN_UNREACHABLE_CODE = YES;
				CLANG_WARN__DUPLICATE_METHOD_MATCH = YES;
				COPY_PHASE_STRIP = NO;
				DEBUG_INFORMATION_FORMAT = "dwarf-with-dsym";
				DEVELOPMENT_TEAM = 96ND29QYH3;
				ENABLE_NS_ASSERTIONS = NO;
				ENABLE_STRICT_OBJC_MSGSEND = YES;
				ENABLE_USER_SCRIPT_SANDBOXING = YES;
				GCC_C_LANGUAGE_STANDARD = gnu17;
				GCC_NO_COMMON_BLOCKS = YES;
				GCC_WARN_64_TO_32_BIT_CONVERSION = YES;
				GCC_WARN_ABOUT_RETURN_TYPE = YES_ERROR;
				GCC_WARN_UNDECLARED_SELECTOR = YES;
				GCC_WARN_UNINITIALIZED_AUTOS = YES_AGGRESSIVE;
				GCC_WARN_UNUSED_FUNCTION = YES;
				GCC_WARN_UNUSED_VARIABLE = YES;
				IPHONEOS_DEPLOYMENT_TARGET = 26.4;
				LOCALIZATION_PREFERS_STRING_CATALOGS = YES;
				MTL_ENABLE_DEBUG_INFO = NO;
				MTL_FAST_MATH = YES;
				SDKROOT = iphoneos;
				SWIFT_COMPILATION_MODE = wholemodule;
				VALIDATE_PRODUCT = YES;
			};
			name = Release;
		};
		159E8A332FAFC3CF0003EBF0 /* Debug */ = {
			isa = XCBuildConfiguration;
			buildSettings = {
				ASSETCATALOG_COMPILER_APPICON_NAME = AppIcon;
				ASSETCATALOG_COMPILER_GLOBAL_ACCENT_COLOR_NAME = AccentColor;
				CODE_SIGN_STYLE = Automatic;
				CURRENT_PROJECT_VERSION = 1;
				DEVELOPMENT_TEAM = 96ND29QYH3;
				ENABLE_PREVIEWS = YES;
				GENERATE_INFOPLIST_FILE = YES;
				INFOPLIST_KEY_UIApplicationSceneManifest_Generation = YES;
				INFOPLIST_KEY_UIApplicationSupportsIndirectInputEvents = YES;
				INFOPLIST_KEY_UILaunchScreen_Generation = YES;
				INFOPLIST_KEY_UISupportedInterfaceOrientations_iPad = "UIInterfaceOrientationPortrait UIInterfaceOrientationPortraitUpsideDown UIInterfaceOrientationLandscapeLeft UIInterfaceOrientationLandscapeRight";
				INFOPLIST_KEY_UISupportedInterfaceOrientations_iPhone = "UIInterfaceOrientationPortrait UIInterfaceOrientationLandscapeLeft UIInterfaceOrientationLandscapeRight";
				LD_RUNPATH_SEARCH_PATHS = (
					"$(inherited)",
					"@executable_path/Frameworks",
				);
				MARKETING_VERSION = 1.0;
				PRODUCT_BUNDLE_IDENTIFIER = robotex.MyFeelsLike;
				PRODUCT_NAME = "$(TARGET_NAME)";
				STRING_CATALOG_GENERATE_SYMBOLS = YES;
				SWIFT_APPROACHABLE_CONCURRENCY = YES;
				SWIFT_DEFAULT_ACTOR_ISOLATION = MainActor;
				SWIFT_EMIT_LOC_STRINGS = YES;
				SWIFT_UPCOMING_FEATURE_MEMBER_IMPORT_VISIBILITY = YES;
				SWIFT_VERSION = 5.0;
				TARGETED_DEVICE_FAMILY = "1,2";
			};
			name = Debug;
		};
		159E8A342FAFC3CF0003EBF0 /* Release */ = {
			isa = XCBuildConfiguration;
			buildSettings = {
				ASSETCATALOG_COMPILER_APPICON_NAME = AppIcon;
				ASSETCATALOG_COMPILER_GLOBAL_ACCENT_COLOR_NAME = AccentColor;
				CODE_SIGN_STYLE = Automatic;
				CURRENT_PROJECT_VERSION = 1;
				DEVELOPMENT_TEAM = 96ND29QYH3;
				ENABLE_PREVIEWS = YES;
				GENERATE_INFOPLIST_FILE = YES;
				INFOPLIST_KEY_UIApplicationSceneManifest_Generation = YES;
				INFOPLIST_KEY_UIApplicationSupportsIndirectInputEvents = YES;
				INFOPLIST_KEY_UILaunchScreen_Generation = YES;
				INFOPLIST_KEY_UISupportedInterfaceOrientations_iPad = "UIInterfaceOrientationPortrait UIInterfaceOrientationPortraitUpsideDown UIInterfaceOrientationLandscapeLeft UIInterfaceOrientationLandscapeRight";
				INFOPLIST_KEY_UISupportedInterfaceOrientations_iPhone = "UIInterfaceOrientationPortrait UIInterfaceOrientationLandscapeLeft UIInterfaceOrientationLandscapeRight";
				LD_RUNPATH_SEARCH_PATHS = (
					"$(inherited)",
					"@executable_path/Frameworks",
				);
				MARKETING_VERSION = 1.0;
				PRODUCT_BUNDLE_IDENTIFIER = robotex.MyFeelsLike;
				PRODUCT_NAME = "$(TARGET_NAME)";
				STRING_CATALOG_GENERATE_SYMBOLS = YES;
				SWIFT_APPROACHABLE_CONCURRENCY = YES;
				SWIFT_DEFAULT_ACTOR_ISOLATION = MainActor;
				SWIFT_EMIT_LOC_STRINGS = YES;
				SWIFT_UPCOMING_FEATURE_MEMBER_IMPORT_VISIBILITY = YES;
				SWIFT_VERSION = 5.0;
				TARGETED_DEVICE_FAMILY = "1,2";
			};
			name = Release;
		};
		159E8A362FAFC3CF0003EBF0 /* Debug */ = {
			isa = XCBuildConfiguration;
			buildSettings = {
				BUNDLE_LOADER = "$(TEST_HOST)";
				CODE_SIGN_STYLE = Automatic;
				CURRENT_PROJECT_VERSION = 1;
				DEVELOPMENT_TEAM = 96ND29QYH3;
				GENERATE_INFOPLIST_FILE = YES;
				IPHONEOS_DEPLOYMENT_TARGET = 26.4;
				MARKETING_VERSION = 1.0;
				PRODUCT_BUNDLE_IDENTIFIER = robotex.MyFeelsLikeTests;
				PRODUCT_NAME = "$(TARGET_NAME)";
				STRING_CATALOG_GENERATE_SYMBOLS = NO;
				SWIFT_APPROACHABLE_CONCURRENCY = YES;
				SWIFT_EMIT_LOC_STRINGS = NO;
				SWIFT_UPCOMING_FEATURE_MEMBER_IMPORT_VISIBILITY = YES;
				SWIFT_VERSION = 5.0;
				TARGETED_DEVICE_FAMILY = "1,2";
				TEST_HOST = "$(BUILT_PRODUCTS_DIR)/MyFeelsLike.app/$(BUNDLE_EXECUTABLE_FOLDER_PATH)/MyFeelsLike";
			};
			name = Debug;
		};
		159E8A372FAFC3CF0003EBF0 /* Release */ = {
			isa = XCBuildConfiguration;
			buildSettings = {
				BUNDLE_LOADER = "$(TEST_HOST)";
				CODE_SIGN_STYLE = Automatic;
				CURRENT_PROJECT_VERSION = 1;
				DEVELOPMENT_TEAM = 96ND29QYH3;
				GENERATE_INFOPLIST_FILE = YES;
				IPHONEOS_DEPLOYMENT_TARGET = 26.4;
				MARKETING_VERSION = 1.0;
				PRODUCT_BUNDLE_IDENTIFIER = robotex.MyFeelsLikeTests;
				PRODUCT_NAME = "$(TARGET_NAME)";
				STRING_CATALOG_GENERATE_SYMBOLS = NO;
				SWIFT_APPROACHABLE_CONCURRENCY = YES;
				SWIFT_EMIT_LOC_STRINGS = NO;
				SWIFT_UPCOMING_FEATURE_MEMBER_IMPORT_VISIBILITY = YES;
				SWIFT_VERSION = 5.0;
				TARGETED_DEVICE_FAMILY = "1,2";
				TEST_HOST = "$(BUILT_PRODUCTS_DIR)/MyFeelsLike.app/$(BUNDLE_EXECUTABLE_FOLDER_PATH)/MyFeelsLike";
			};
			name = Release;
		};
		159E8A392FAFC3CF0003EBF0 /* Debug */ = {
			isa = XCBuildConfiguration;
			buildSettings = {
				CODE_SIGN_STYLE = Automatic;
				CURRENT_PROJECT_VERSION = 1;
				DEVELOPMENT_TEAM = 96ND29QYH3;
				GENERATE_INFOPLIST_FILE = YES;
				MARKETING_VERSION = 1.0;
				PRODUCT_BUNDLE_IDENTIFIER = robotex.MyFeelsLikeUITests;
				PRODUCT_NAME = "$(TARGET_NAME)";
				STRING_CATALOG_GENERATE_SYMBOLS = NO;
				SWIFT_APPROACHABLE_CONCURRENCY = YES;
				SWIFT_EMIT_LOC_STRINGS = NO;
				SWIFT_UPCOMING_FEATURE_MEMBER_IMPORT_VISIBILITY = YES;
				SWIFT_VERSION = 5.0;
				TARGETED_DEVICE_FAMILY = "1,2";
				TEST_TARGET_NAME = MyFeelsLike;
			};
			name = Debug;
		};
		159E8A3A2FAFC3CF0003EBF0 /* Release */ = {
			isa = XCBuildConfiguration;
			buildSettings = {
				CODE_SIGN_STYLE = Automatic;
				CURRENT_PROJECT_VERSION = 1;
				DEVELOPMENT_TEAM = 96ND29QYH3;
				GENERATE_INFOPLIST_FILE = YES;
				MARKETING_VERSION = 1.0;
				PRODUCT_BUNDLE_IDENTIFIER = robotex.MyFeelsLikeUITests;
				PRODUCT_NAME = "$(TARGET_NAME)";
				STRING_CATALOG_GENERATE_SYMBOLS = NO;
				SWIFT_APPROACHABLE_CONCURRENCY = YES;
				SWIFT_EMIT_LOC_STRINGS = NO;
				SWIFT_UPCOMING_FEATURE_MEMBER_IMPORT_VISIBILITY = YES;
				SWIFT_VERSION = 5.0;
				TARGETED_DEVICE_FAMILY = "1,2";
				TEST_TARGET_NAME = MyFeelsLike;
			};
			name = Release;
		};
/* End XCBuildConfiguration section */

/* Begin XCConfigurationList section */
		159E8A0A2FAFC3CA0003EBF0 /* Build configuration list for PBXProject "MyFeelsLike" */ = {
			isa = XCConfigurationList;
			buildConfigurations = (
				159E8A302FAFC3CF0003EBF0 /* Debug */,
				159E8A312FAFC3CF0003EBF0 /* Release */,
			);
			defaultConfigurationIsVisible = 0;
			defaultConfigurationName = Release;
		};
		159E8A322FAFC3CF0003EBF0 /* Build configuration list for PBXNativeTarget "MyFeelsLike" */ = {
			isa = XCConfigurationList;
			buildConfigurations = (
				159E8A332FAFC3CF0003EBF0 /* Debug */,
				159E8A342FAFC3CF0003EBF0 /* Release */,
			);
			defaultConfigurationIsVisible = 0;
			defaultConfigurationName = Release;
		};
		159E8A352FAFC3CF0003EBF0 /* Build configuration list for PBXNativeTarget "MyFeelsLikeTests" */ = {
			isa = XCConfigurationList;
			buildConfigurations = (
				159E8A362FAFC3CF0003EBF0 /* Debug */,
				159E8A372FAFC3CF0003EBF0 /* Release */,
			);
			defaultConfigurationIsVisible = 0;
			defaultConfigurationName = Release;
		};
		159E8A382FAFC3CF0003EBF0 /* Build configuration list for PBXNativeTarget "MyFeelsLikeUITests" */ = {
			isa = XCConfigurationList;
			buildConfigurations = (
				159E8A392FAFC3CF0003EBF0 /* Debug */,
				159E8A3A2FAFC3CF0003EBF0 /* Release */,
			);
			defaultConfigurationIsVisible = 0;
			defaultConfigurationName = Release;
		};
/* End XCConfigurationList section */
	};
	rootObject = 159E8A072FAFC3CA0003EBF0 /* Project object */;
}
